{
  "nodes": {
    "nixpkgs": {
      "locked": {
        "lastModified": 1664883812,
        "narHash": "sha256-wqBAcVRBxls2nVaNeQaOy9SRg/bvEUiD26TQDprIg8U=",
        "owner": "NixOS",
        "repo": "nixpkgs",
        "rev": "fe76645aaf2fac3baaa2813fd0089930689c53b5",
        "type": "github"
      },
      "original": {
        "owner": "NixOS",
        "ref": "nixos-22.05",
        "repo": "nixpkgs",
        "type": "github"
      }
    },
    "root": {
      "inputs": {
        "nixpkgs": "nixpkgs"
      }
    }
  },
  "root": "root",
  "version": 7
}
